
Microsoft Visual Studio Solution File, Format Version 12.00
# Visual Studio Version 16
VisualStudioVersion = 16.0.31424.327
MinimumVisualStudioVersion = 10.0.40219.1
Project("{FAE04EC0-301F-11D3-BF4B-00C04F79EFBC}") = "WpfAppDemo", "WpfAppDemo.csproj", "{7F43C859-E821-4311-ACC7-783511861A71}"
EndProject
Project("{9A19103F-16F7-4668-BE54-9A1E7A4F7556}") = "AutomationAssists", "AutomationAssists\AutomationAssists.csproj", "{6BFEC45C-D93F-4DCF-A064-B407FD41AEFE}"
EndProject
Global
	GlobalSection(SolutionConfigurationPlatforms) = preSolution
		Debug|Any CPU = Debug|Any CPU
		Release|Any CPU = Release|Any CPU
	EndGlobalSection
	GlobalSection(ProjectConfigurationPlatforms) = postSolution
		{7F43C859-E821-4311-ACC7-783511861A71}.Debug|Any CPU.ActiveCfg = Debug|Any CPU
		{7F43C859-E821-4311-ACC7-783511861A71}.Debug|Any CPU.Build.0 = Debug|Any CPU
		{7F43C859-E821-4311-ACC7-783511861A71}.Release|Any CPU.ActiveCfg = Release|Any CPU
		{7F43C859-E821-4311-ACC7-783511861A71}.Release|Any CPU.Build.0 = Release|Any CPU
		{6BFEC45C-D93F-4DCF-A064-B407FD41AEFE}.Debug|Any CPU.ActiveCfg = Debug|Any CPU
		{6BFEC45C-D93F-4DCF-A064-B407FD41AEFE}.Debug|Any CPU.Build.0 = Debug|Any CPU
		{6BFEC45C-D93F-4DCF-A064-B407FD41AEFE}.Release|Any CPU.ActiveCfg = Release|Any CPU
		{6BFEC45C-D93F-4DCF-A064-B407FD41AEFE}.Release|Any CPU.Build.0 = Release|Any CPU
	EndGlobalSection
	GlobalSection(SolutionProperties) = preSolution
		HideSolutionNode = FALSE
	EndGlobalSection
	GlobalSection(ExtensibilityGlobals) = postSolution
		SolutionGuid = {8B2B24D1-EA08-43AF-B641-3032A2151A2F}
	EndGlobalSection
EndGlobal
